
Microsoft Visual Studio Solution File, Format Version 12.00
# Visual Studio Version 17
VisualStudioVersion = 17.4.33205.214
MinimumVisualStudioVersion = 10.0.40219.1
Project("{FAE04EC0-301F-11D3-BF4B-00C04F79EFBC}") = "Siniflar", "Siniflar\Siniflar.csproj", "{1774F1E4-2CB2-47F9-94C8-0F5F18464E1E}"
EndProject
Global
	GlobalSection(SolutionConfigurationPlatforms) = preSolution
		Debug|Any CPU = Debug|Any CPU
		Release|Any CPU = Release|Any CPU
	EndGlobalSection
	GlobalSection(ProjectConfigurationPlatforms) = postSolution
		{1774F1E4-2CB2-47F9-94C8-0F5F18464E1E}.Debug|Any CPU.ActiveCfg = Debug|Any CPU
		{1774F1E4-2CB2-47F9-94C8-0F5F18464E1E}.Debug|Any CPU.Build.0 = Debug|Any CPU
		{1774F1E4-2CB2-47F9-94C8-0F5F18464E1E}.Release|Any CPU.ActiveCfg = Release|Any CPU
		{1774F1E4-2CB2-47F9-94C8-0F5F18464E1E}.Release|Any CPU.Build.0 = Release|Any CPU
	EndGlobalSection
	GlobalSection(SolutionProperties) = preSolution
		HideSolutionNode = FALSE
	EndGlobalSection
	GlobalSection(ExtensibilityGlobals) = postSolution
		SolutionGuid = {245D94DB-564B-4B98-AD9D-58EDFEF09BAF}
	EndGlobalSection
EndGlobal
