
Microsoft Visual Studio Solution File, Format Version 12.00
# Visual Studio Version 17
VisualStudioVersion = 17.4.33205.214
MinimumVisualStudioVersion = 10.0.40219.1
Project("{FAE04EC0-301F-11D3-BF4B-00C04F79EFBC}") = "Delegate", "Delegate\Delegate.csproj", "{5373B251-8C05-477D-A567-0D4E44E00A7C}"
EndProject
Global
	GlobalSection(SolutionConfigurationPlatforms) = preSolution
		Debug|Any CPU = Debug|Any CPU
		Release|Any CPU = Release|Any CPU
	EndGlobalSection
	GlobalSection(ProjectConfigurationPlatforms) = postSolution
		{5373B251-8C05-477D-A567-0D4E44E00A7C}.Debug|Any CPU.ActiveCfg = Debug|Any CPU
		{5373B251-8C05-477D-A567-0D4E44E00A7C}.Debug|Any CPU.Build.0 = Debug|Any CPU
		{5373B251-8C05-477D-A567-0D4E44E00A7C}.Release|Any CPU.ActiveCfg = Release|Any CPU
		{5373B251-8C05-477D-A567-0D4E44E00A7C}.Release|Any CPU.Build.0 = Release|Any CPU
	EndGlobalSection
	GlobalSection(SolutionProperties) = preSolution
		HideSolutionNode = FALSE
	EndGlobalSection
	GlobalSection(ExtensibilityGlobals) = postSolution
		SolutionGuid = {E08D5110-116B-4A2E-80DC-EAC8ECA8C063}
	EndGlobalSection
EndGlobal
