
Microsoft Visual Studio Solution File, Format Version 12.00
# Visual Studio Version 17
VisualStudioVersion = 17.4.33205.214
MinimumVisualStudioVersion = 10.0.40219.1
Project("{FAE04EC0-301F-11D3-BF4B-00C04F79EFBC}") = "Linq", "Linq\Linq.csproj", "{4195EA58-AB78-48AC-BAFC-DD22E954F3B5}"
EndProject
Global
	GlobalSection(SolutionConfigurationPlatforms) = preSolution
		Debug|Any CPU = Debug|Any CPU
		Release|Any CPU = Release|Any CPU
	EndGlobalSection
	GlobalSection(ProjectConfigurationPlatforms) = postSolution
		{4195EA58-AB78-48AC-BAFC-DD22E954F3B5}.Debug|Any CPU.ActiveCfg = Debug|Any CPU
		{4195EA58-AB78-48AC-BAFC-DD22E954F3B5}.Debug|Any CPU.Build.0 = Debug|Any CPU
		{4195EA58-AB78-48AC-BAFC-DD22E954F3B5}.Release|Any CPU.ActiveCfg = Release|Any CPU
		{4195EA58-AB78-48AC-BAFC-DD22E954F3B5}.Release|Any CPU.Build.0 = Release|Any CPU
	EndGlobalSection
	GlobalSection(SolutionProperties) = preSolution
		HideSolutionNode = FALSE
	EndGlobalSection
	GlobalSection(ExtensibilityGlobals) = postSolution
		SolutionGuid = {19AFFEE6-FDAA-4E80-93C5-3E1D83080A36}
	EndGlobalSection
EndGlobal
