
Microsoft Visual Studio Solution File, Format Version 12.00
# Visual Studio Version 17
VisualStudioVersion = 17.4.33205.214
MinimumVisualStudioVersion = 10.0.40219.1
Project("{FAE04EC0-301F-11D3-BF4B-00C04F79EFBC}") = "ConsoleApp4", "ConsoleApp4\ConsoleApp4.csproj", "{06E3A9EC-7511-4720-B290-E0F6291D6ECD}"
EndProject
Global
	GlobalSection(SolutionConfigurationPlatforms) = preSolution
		Debug|Any CPU = Debug|Any CPU
		Release|Any CPU = Release|Any CPU
	EndGlobalSection
	GlobalSection(ProjectConfigurationPlatforms) = postSolution
		{06E3A9EC-7511-4720-B290-E0F6291D6ECD}.Debug|Any CPU.ActiveCfg = Debug|Any CPU
		{06E3A9EC-7511-4720-B290-E0F6291D6ECD}.Debug|Any CPU.Build.0 = Debug|Any CPU
		{06E3A9EC-7511-4720-B290-E0F6291D6ECD}.Release|Any CPU.ActiveCfg = Release|Any CPU
		{06E3A9EC-7511-4720-B290-E0F6291D6ECD}.Release|Any CPU.Build.0 = Release|Any CPU
	EndGlobalSection
	GlobalSection(SolutionProperties) = preSolution
		HideSolutionNode = FALSE
	EndGlobalSection
	GlobalSection(ExtensibilityGlobals) = postSolution
		SolutionGuid = {9DB79DAE-836D-4C2E-A31C-0A4DE3A2F2A1}
	EndGlobalSection
EndGlobal
