
Microsoft Visual Studio Solution File, Format Version 12.00
# Visual Studio Version 17
VisualStudioVersion = 17.4.33205.214
MinimumVisualStudioVersion = 10.0.40219.1
Project("{FAE04EC0-301F-11D3-BF4B-00C04F79EFBC}") = "Siniflar6", "Siniflar6\Siniflar6.csproj", "{DBEEFC58-139D-466B-88DE-B5E149F7BDE2}"
EndProject
Global
	GlobalSection(SolutionConfigurationPlatforms) = preSolution
		Debug|Any CPU = Debug|Any CPU
		Release|Any CPU = Release|Any CPU
	EndGlobalSection
	GlobalSection(ProjectConfigurationPlatforms) = postSolution
		{DBEEFC58-139D-466B-88DE-B5E149F7BDE2}.Debug|Any CPU.ActiveCfg = Debug|Any CPU
		{DBEEFC58-139D-466B-88DE-B5E149F7BDE2}.Debug|Any CPU.Build.0 = Debug|Any CPU
		{DBEEFC58-139D-466B-88DE-B5E149F7BDE2}.Release|Any CPU.ActiveCfg = Release|Any CPU
		{DBEEFC58-139D-466B-88DE-B5E149F7BDE2}.Release|Any CPU.Build.0 = Release|Any CPU
	EndGlobalSection
	GlobalSection(SolutionProperties) = preSolution
		HideSolutionNode = FALSE
	EndGlobalSection
	GlobalSection(ExtensibilityGlobals) = postSolution
		SolutionGuid = {6AEBF71D-A3CF-4F40-9671-5C760C0FB250}
	EndGlobalSection
EndGlobal
