
Microsoft Visual Studio Solution File, Format Version 12.00
# Visual Studio Version 17
VisualStudioVersion = 17.4.33205.214
MinimumVisualStudioVersion = 10.0.40219.1
Project("{FAE04EC0-301F-11D3-BF4B-00C04F79EFBC}") = "GenericDelete", "GenericDelete\GenericDelete.csproj", "{B7B30759-2BFA-4BBC-8E13-A14937BEEE56}"
EndProject
Global
	GlobalSection(SolutionConfigurationPlatforms) = preSolution
		Debug|Any CPU = Debug|Any CPU
		Release|Any CPU = Release|Any CPU
	EndGlobalSection
	GlobalSection(ProjectConfigurationPlatforms) = postSolution
		{B7B30759-2BFA-4BBC-8E13-A14937BEEE56}.Debug|Any CPU.ActiveCfg = Debug|Any CPU
		{B7B30759-2BFA-4BBC-8E13-A14937BEEE56}.Debug|Any CPU.Build.0 = Debug|Any CPU
		{B7B30759-2BFA-4BBC-8E13-A14937BEEE56}.Release|Any CPU.ActiveCfg = Release|Any CPU
		{B7B30759-2BFA-4BBC-8E13-A14937BEEE56}.Release|Any CPU.Build.0 = Release|Any CPU
	EndGlobalSection
	GlobalSection(SolutionProperties) = preSolution
		HideSolutionNode = FALSE
	EndGlobalSection
	GlobalSection(ExtensibilityGlobals) = postSolution
		SolutionGuid = {F00A20B1-94F8-45C1-A395-D919059F4E27}
	EndGlobalSection
EndGlobal
