
Microsoft Visual Studio Solution File, Format Version 12.00
# Visual Studio Version 17
VisualStudioVersion = 17.4.33205.214
MinimumVisualStudioVersion = 10.0.40219.1
Project("{FAE04EC0-301F-11D3-BF4B-00C04F79EFBC}") = "Siniflar5", "Siniflar5\Siniflar5.csproj", "{A5CEC574-C103-4E21-B368-295452A2C5C9}"
EndProject
Global
	GlobalSection(SolutionConfigurationPlatforms) = preSolution
		Debug|Any CPU = Debug|Any CPU
		Release|Any CPU = Release|Any CPU
	EndGlobalSection
	GlobalSection(ProjectConfigurationPlatforms) = postSolution
		{A5CEC574-C103-4E21-B368-295452A2C5C9}.Debug|Any CPU.ActiveCfg = Debug|Any CPU
		{A5CEC574-C103-4E21-B368-295452A2C5C9}.Debug|Any CPU.Build.0 = Debug|Any CPU
		{A5CEC574-C103-4E21-B368-295452A2C5C9}.Release|Any CPU.ActiveCfg = Release|Any CPU
		{A5CEC574-C103-4E21-B368-295452A2C5C9}.Release|Any CPU.Build.0 = Release|Any CPU
	EndGlobalSection
	GlobalSection(SolutionProperties) = preSolution
		HideSolutionNode = FALSE
	EndGlobalSection
	GlobalSection(ExtensibilityGlobals) = postSolution
		SolutionGuid = {FC21C267-C2BC-4A60-B142-D939D5AC33BE}
	EndGlobalSection
EndGlobal
