
Microsoft Visual Studio Solution File, Format Version 12.00
# Visual Studio Version 17
VisualStudioVersion = 17.4.33205.214
MinimumVisualStudioVersion = 10.0.40219.1
Project("{FAE04EC0-301F-11D3-BF4B-00C04F79EFBC}") = "ConsoleApp11", "ConsoleApp11\ConsoleApp11.csproj", "{54CAC5F9-7FBB-4C14-A96D-5FBE10C24BC8}"
EndProject
Global
	GlobalSection(SolutionConfigurationPlatforms) = preSolution
		Debug|Any CPU = Debug|Any CPU
		Release|Any CPU = Release|Any CPU
	EndGlobalSection
	GlobalSection(ProjectConfigurationPlatforms) = postSolution
		{54CAC5F9-7FBB-4C14-A96D-5FBE10C24BC8}.Debug|Any CPU.ActiveCfg = Debug|Any CPU
		{54CAC5F9-7FBB-4C14-A96D-5FBE10C24BC8}.Debug|Any CPU.Build.0 = Debug|Any CPU
		{54CAC5F9-7FBB-4C14-A96D-5FBE10C24BC8}.Release|Any CPU.ActiveCfg = Release|Any CPU
		{54CAC5F9-7FBB-4C14-A96D-5FBE10C24BC8}.Release|Any CPU.Build.0 = Release|Any CPU
	EndGlobalSection
	GlobalSection(SolutionProperties) = preSolution
		HideSolutionNode = FALSE
	EndGlobalSection
	GlobalSection(ExtensibilityGlobals) = postSolution
		SolutionGuid = {829727BD-5229-41D8-A0B6-C3E3179091FE}
	EndGlobalSection
EndGlobal
