
Microsoft Visual Studio Solution File, Format Version 12.00
# Visual Studio Version 17
VisualStudioVersion = 17.4.33213.308
MinimumVisualStudioVersion = 10.0.40219.1
Project("{FAE04EC0-301F-11D3-BF4B-00C04F79EFBC}") = "Business", "Business\Business.csproj", "{8BF0086D-ED7D-4419-852B-86443C8C8866}"
EndProject
Project("{9A19103F-16F7-4668-BE54-9A1E7A4F7556}") = "Business.App", "Business.App\Business.App.csproj", "{C3EE2ECA-4139-4F6A-8F5F-D0B8292A0431}"
EndProject
Project("{FAE04EC0-301F-11D3-BF4B-00C04F79EFBC}") = "FormDBV", "FormDB\FormDBV.csproj", "{743963D9-D296-4F54-950D-E81CEA3A20F0}"
EndProject
Project("{9A19103F-16F7-4668-BE54-9A1E7A4F7556}") = "FormDB", "FormDBS\FormDB.csproj", "{1683D496-80BB-4DC3-8D05-60DE7FF48387}"
EndProject
Global
	GlobalSection(SolutionConfigurationPlatforms) = preSolution
		Debug|Any CPU = Debug|Any CPU
		Release|Any CPU = Release|Any CPU
	EndGlobalSection
	GlobalSection(ProjectConfigurationPlatforms) = postSolution
		{8BF0086D-ED7D-4419-852B-86443C8C8866}.Debug|Any CPU.ActiveCfg = Debug|Any CPU
		{8BF0086D-ED7D-4419-852B-86443C8C8866}.Debug|Any CPU.Build.0 = Debug|Any CPU
		{8BF0086D-ED7D-4419-852B-86443C8C8866}.Release|Any CPU.ActiveCfg = Release|Any CPU
		{8BF0086D-ED7D-4419-852B-86443C8C8866}.Release|Any CPU.Build.0 = Release|Any CPU
		{C3EE2ECA-4139-4F6A-8F5F-D0B8292A0431}.Debug|Any CPU.ActiveCfg = Debug|Any CPU
		{C3EE2ECA-4139-4F6A-8F5F-D0B8292A0431}.Debug|Any CPU.Build.0 = Debug|Any CPU
		{C3EE2ECA-4139-4F6A-8F5F-D0B8292A0431}.Release|Any CPU.ActiveCfg = Release|Any CPU
		{C3EE2ECA-4139-4F6A-8F5F-D0B8292A0431}.Release|Any CPU.Build.0 = Release|Any CPU
		{743963D9-D296-4F54-950D-E81CEA3A20F0}.Debug|Any CPU.ActiveCfg = Debug|Any CPU
		{743963D9-D296-4F54-950D-E81CEA3A20F0}.Debug|Any CPU.Build.0 = Debug|Any CPU
		{743963D9-D296-4F54-950D-E81CEA3A20F0}.Release|Any CPU.ActiveCfg = Release|Any CPU
		{743963D9-D296-4F54-950D-E81CEA3A20F0}.Release|Any CPU.Build.0 = Release|Any CPU
		{1683D496-80BB-4DC3-8D05-60DE7FF48387}.Debug|Any CPU.ActiveCfg = Debug|Any CPU
		{1683D496-80BB-4DC3-8D05-60DE7FF48387}.Debug|Any CPU.Build.0 = Debug|Any CPU
		{1683D496-80BB-4DC3-8D05-60DE7FF48387}.Release|Any CPU.ActiveCfg = Release|Any CPU
		{1683D496-80BB-4DC3-8D05-60DE7FF48387}.Release|Any CPU.Build.0 = Release|Any CPU
	EndGlobalSection
	GlobalSection(SolutionProperties) = preSolution
		HideSolutionNode = FALSE
	EndGlobalSection
	GlobalSection(ExtensibilityGlobals) = postSolution
		SolutionGuid = {55BAB817-6F48-4A4C-9AE1-FE35CD785556}
	EndGlobalSection
EndGlobal
