
Microsoft Visual Studio Solution File, Format Version 12.00
# Visual Studio Version 17
VisualStudioVersion = 17.4.33205.214
MinimumVisualStudioVersion = 10.0.40219.1
Project("{FAE04EC0-301F-11D3-BF4B-00C04F79EFBC}") = "ConsoleApp10", "ConsoleApp10\ConsoleApp10.csproj", "{D3760E4A-D366-4EA9-909E-19BE9AF36B7F}"
EndProject
Global
	GlobalSection(SolutionConfigurationPlatforms) = preSolution
		Debug|Any CPU = Debug|Any CPU
		Release|Any CPU = Release|Any CPU
	EndGlobalSection
	GlobalSection(ProjectConfigurationPlatforms) = postSolution
		{D3760E4A-D366-4EA9-909E-19BE9AF36B7F}.Debug|Any CPU.ActiveCfg = Debug|Any CPU
		{D3760E4A-D366-4EA9-909E-19BE9AF36B7F}.Debug|Any CPU.Build.0 = Debug|Any CPU
		{D3760E4A-D366-4EA9-909E-19BE9AF36B7F}.Release|Any CPU.ActiveCfg = Release|Any CPU
		{D3760E4A-D366-4EA9-909E-19BE9AF36B7F}.Release|Any CPU.Build.0 = Release|Any CPU
	EndGlobalSection
	GlobalSection(SolutionProperties) = preSolution
		HideSolutionNode = FALSE
	EndGlobalSection
	GlobalSection(ExtensibilityGlobals) = postSolution
		SolutionGuid = {87350A70-BFEE-4116-90D1-9A470F2FA701}
	EndGlobalSection
EndGlobal
