
Microsoft Visual Studio Solution File, Format Version 12.00
# Visual Studio Version 17
VisualStudioVersion = 17.4.33205.214
MinimumVisualStudioVersion = 10.0.40219.1
Project("{FAE04EC0-301F-11D3-BF4B-00C04F79EFBC}") = "ConsoleApp3", "ConsoleApp3\ConsoleApp3.csproj", "{43B10564-115B-46CC-8523-6A929A24FCC5}"
EndProject
Global
	GlobalSection(SolutionConfigurationPlatforms) = preSolution
		Debug|Any CPU = Debug|Any CPU
		Release|Any CPU = Release|Any CPU
	EndGlobalSection
	GlobalSection(ProjectConfigurationPlatforms) = postSolution
		{43B10564-115B-46CC-8523-6A929A24FCC5}.Debug|Any CPU.ActiveCfg = Debug|Any CPU
		{43B10564-115B-46CC-8523-6A929A24FCC5}.Debug|Any CPU.Build.0 = Debug|Any CPU
		{43B10564-115B-46CC-8523-6A929A24FCC5}.Release|Any CPU.ActiveCfg = Release|Any CPU
		{43B10564-115B-46CC-8523-6A929A24FCC5}.Release|Any CPU.Build.0 = Release|Any CPU
	EndGlobalSection
	GlobalSection(SolutionProperties) = preSolution
		HideSolutionNode = FALSE
	EndGlobalSection
	GlobalSection(ExtensibilityGlobals) = postSolution
		SolutionGuid = {0F0B6E03-F024-4CE7-AB58-90E53C9D180D}
	EndGlobalSection
EndGlobal
