
Microsoft Visual Studio Solution File, Format Version 12.00
# Visual Studio Version 17
VisualStudioVersion = 17.4.33205.214
MinimumVisualStudioVersion = 10.0.40219.1
Project("{FAE04EC0-301F-11D3-BF4B-00C04F79EFBC}") = "DelegateForm", "DelegateForm\DelegateForm.csproj", "{3739C01C-8210-4332-8E8A-D3FD822B14BD}"
EndProject
Global
	GlobalSection(SolutionConfigurationPlatforms) = preSolution
		Debug|Any CPU = Debug|Any CPU
		Release|Any CPU = Release|Any CPU
	EndGlobalSection
	GlobalSection(ProjectConfigurationPlatforms) = postSolution
		{3739C01C-8210-4332-8E8A-D3FD822B14BD}.Debug|Any CPU.ActiveCfg = Debug|Any CPU
		{3739C01C-8210-4332-8E8A-D3FD822B14BD}.Debug|Any CPU.Build.0 = Debug|Any CPU
		{3739C01C-8210-4332-8E8A-D3FD822B14BD}.Release|Any CPU.ActiveCfg = Release|Any CPU
		{3739C01C-8210-4332-8E8A-D3FD822B14BD}.Release|Any CPU.Build.0 = Release|Any CPU
	EndGlobalSection
	GlobalSection(SolutionProperties) = preSolution
		HideSolutionNode = FALSE
	EndGlobalSection
	GlobalSection(ExtensibilityGlobals) = postSolution
		SolutionGuid = {8E97EA74-1BEF-4B31-9D04-53BCA53AA438}
	EndGlobalSection
EndGlobal
